// !$*UTF8*$!
{
	archiveVersion = 1;
	classes = {
	};
	objectVersion = 46;
	objects = {

/* Begin PBXBuildFile section */
		55501D0D19A969750028A9FE /* Foundation.framework in Frameworks */ = {isa = PBXBuildFile; fileRef = 55501D0C19A969750028A9FE /* Foundation.framework */; };
		559F510D19C3A223005921EE /* eb_assert.c in Sources */ = {isa = PBXBuildFile; fileRef = 559F510319C3A223005921EE /* eb_assert.c */; };
		559F510E19C3A223005921EE /* eb_chan.c in Sources */ = {isa = PBXBuildFile; fileRef = 559F510619C3A223005921EE /* eb_chan.c */; };
		559F510F19C3A223005921EE /* eb_port.c in Sources */ = {isa = PBXBuildFile; fileRef = 559F510819C3A223005921EE /* eb_port.c */; };
		559F511019C3A223005921EE /* eb_time.c in Sources */ = {isa = PBXBuildFile; fileRef = 559F510A19C3A223005921EE /* eb_time.c */; };
		55A8CC0919D08ACB005A68EF /* testglue.c in Sources */ = {isa = PBXBuildFile; fileRef = 55A8CC0719D08ACA005A68EF /* testglue.c */; };
		55D2EA4E19CFEFFD0053E832 /* test.c in Sources */ = {isa = PBXBuildFile; fileRef = 55D2EA4D19CFEFFD0053E832 /* test.c */; };
/* End PBXBuildFile section */

/* Begin PBXCopyFilesBuildPhase section */
		55501D0719A969750028A9FE /* CopyFiles */ = {
			isa = PBXCopyFilesBuildPhase;
			buildActionMask = 2147483647;
			dstPath = /usr/share/man/man1/;
			dstSubfolderSpec = 0;
			files = (
			);
			runOnlyForDeploymentPostprocessing = 1;
		};
/* End PBXCopyFilesBuildPhase section */

/* Begin PBXFileReference section */
		55501D0919A969750028A9FE /* chantest */ = {isa = PBXFileReference; explicitFileType = "compiled.mach-o.executable"; includeInIndex = 0; path = chantest; sourceTree = BUILT_PRODUCTS_DIR; };
		55501D0C19A969750028A9FE /* Foundation.framework */ = {isa = PBXFileReference; lastKnownFileType = wrapper.framework; name = Foundation.framework; path = System/Library/Frameworks/Foundation.framework; sourceTree = SDKROOT; };
		5564A47F19D58C220084F909 /* eb_nsec.h */ = {isa = PBXFileReference; lastKnownFileType = sourcecode.c.h; name = eb_nsec.h; path = src/eb_nsec.h; sourceTree = SOURCE_ROOT; };
		559F510319C3A223005921EE /* eb_assert.c */ = {isa = PBXFileReference; fileEncoding = 4; lastKnownFileType = sourcecode.c.c; name = eb_assert.c; path = src/eb_assert.c; sourceTree = SOURCE_ROOT; };
		559F510419C3A223005921EE /* eb_assert.h */ = {isa = PBXFileReference; fileEncoding = 4; lastKnownFileType = sourcecode.c.h; name = eb_assert.h; path = src/eb_assert.h; sourceTree = SOURCE_ROOT; };
		559F510519C3A223005921EE /* eb_atomic.h */ = {isa = PBXFileReference; fileEncoding = 4; lastKnownFileType = sourcecode.c.h; name = eb_atomic.h; path = src/eb_atomic.h; sourceTree = SOURCE_ROOT; };
		559F510619C3A223005921EE /* eb_chan.c */ = {isa = PBXFileReference; fileEncoding = 4; lastKnownFileType = sourcecode.c.c; name = eb_chan.c; path = src/eb_chan.c; sourceTree = SOURCE_ROOT; };
		559F510719C3A223005921EE /* eb_chan.h */ = {isa = PBXFileReference; fileEncoding = 4; lastKnownFileType = sourcecode.c.h; name = eb_chan.h; path = src/eb_chan.h; sourceTree = SOURCE_ROOT; };
		559F510819C3A223005921EE /* eb_port.c */ = {isa = PBXFileReference; fileEncoding = 4; lastKnownFileType = sourcecode.c.c; name = eb_port.c; path = src/eb_port.c; sourceTree = SOURCE_ROOT; };
		559F510919C3A223005921EE /* eb_port.h */ = {isa = PBXFileReference; fileEncoding = 4; lastKnownFileType = sourcecode.c.h; name = eb_port.h; path = src/eb_port.h; sourceTree = SOURCE_ROOT; };
		559F510A19C3A223005921EE /* eb_time.c */ = {isa = PBXFileReference; fileEncoding = 4; lastKnownFileType = sourcecode.c.c; name = eb_time.c; path = src/eb_time.c; sourceTree = SOURCE_ROOT; };
		559F510B19C3A223005921EE /* eb_time.h */ = {isa = PBXFileReference; fileEncoding = 4; lastKnownFileType = sourcecode.c.h; name = eb_time.h; path = src/eb_time.h; sourceTree = SOURCE_ROOT; };
		55A8CC0719D08ACA005A68EF /* testglue.c */ = {isa = PBXFileReference; fileEncoding = 4; lastKnownFileType = sourcecode.c.c; name = testglue.c; path = src/testglue.c; sourceTree = SOURCE_ROOT; };
		55A8CC0819D08ACB005A68EF /* testglue.h */ = {isa = PBXFileReference; fileEncoding = 4; lastKnownFileType = sourcecode.c.h; name = testglue.h; path = src/testglue.h; sourceTree = SOURCE_ROOT; };
		55D2EA4D19CFEFFD0053E832 /* test.c */ = {isa = PBXFileReference; fileEncoding = 4; lastKnownFileType = sourcecode.c.c; name = test.c; path = src/test.c; sourceTree = SOURCE_ROOT; };
/* End PBXFileReference section */

/* Begin PBXFrameworksBuildPhase section */
		55501D0619A969750028A9FE /* Frameworks */ = {
			isa = PBXFrameworksBuildPhase;
			buildActionMask = 2147483647;
			files = (
				55501D0D19A969750028A9FE /* Foundation.framework in Frameworks */,
			);
			runOnlyForDeploymentPostprocessing = 0;
		};
/* End PBXFrameworksBuildPhase section */

/* Begin PBXGroup section */
		55501D0019A969750028A9FE = {
			isa = PBXGroup;
			children = (
				55501D0E19A969750028A9FE /* chantest */,
				55501D0B19A969750028A9FE /* Frameworks */,
				55501D0A19A969750028A9FE /* Products */,
			);
			sourceTree = "<group>";
		};
		55501D0A19A969750028A9FE /* Products */ = {
			isa = PBXGroup;
			children = (
				55501D0919A969750028A9FE /* chantest */,
			);
			name = Products;
			sourceTree = "<group>";
		};
		55501D0B19A969750028A9FE /* Frameworks */ = {
			isa = PBXGroup;
			children = (
				55501D0C19A969750028A9FE /* Foundation.framework */,
			);
			name = Frameworks;
			sourceTree = "<group>";
		};
		55501D0E19A969750028A9FE /* chantest */ = {
			isa = PBXGroup;
			children = (
				559F510419C3A223005921EE /* eb_assert.h */,
				559F510319C3A223005921EE /* eb_assert.c */,
				559F510519C3A223005921EE /* eb_atomic.h */,
				559F510719C3A223005921EE /* eb_chan.h */,
				559F510619C3A223005921EE /* eb_chan.c */,
				559F510919C3A223005921EE /* eb_port.h */,
				559F510819C3A223005921EE /* eb_port.c */,
				5564A47F19D58C220084F909 /* eb_nsec.h */,
				559F510B19C3A223005921EE /* eb_time.h */,
				559F510A19C3A223005921EE /* eb_time.c */,
				55A8CC0819D08ACB005A68EF /* testglue.h */,
				55A8CC0719D08ACA005A68EF /* testglue.c */,
				55D2EA4D19CFEFFD0053E832 /* test.c */,
			);
			path = chantest;
			sourceTree = "<group>";
		};
/* End PBXGroup section */

/* Begin PBXNativeTarget section */
		55501D0819A969750028A9FE /* chantest */ = {
			isa = PBXNativeTarget;
			buildConfigurationList = 55501D1719A969750028A9FE /* Build configuration list for PBXNativeTarget "chantest" */;
			buildPhases = (
				55501D0519A969750028A9FE /* Sources */,
				55501D0619A969750028A9FE /* Frameworks */,
				55501D0719A969750028A9FE /* CopyFiles */,
			);
			buildRules = (
			);
			dependencies = (
			);
			name = chantest;
			productName = chantest;
			productReference = 55501D0919A969750028A9FE /* chantest */;
			productType = "com.apple.product-type.tool";
		};
/* End PBXNativeTarget section */

/* Begin PBXProject section */
		55501D0119A969750028A9FE /* Project object */ = {
			isa = PBXProject;
			attributes = {
				LastUpgradeCheck = 0510;
				ORGANIZATIONNAME = "Echo Bravo";
			};
			buildConfigurationList = 55501D0419A969750028A9FE /* Build configuration list for PBXProject "chantest" */;
			compatibilityVersion = "Xcode 3.2";
			developmentRegion = English;
			hasScannedForEncodings = 0;
			knownRegions = (
				en,
			);
			mainGroup = 55501D0019A969750028A9FE;
			productRefGroup = 55501D0A19A969750028A9FE /* Products */;
			projectDirPath = "";
			projectRoot = "";
			targets = (
				55501D0819A969750028A9FE /* chantest */,
			);
		};
/* End PBXProject section */

/* Begin PBXSourcesBuildPhase section */
		55501D0519A969750028A9FE /* Sources */ = {
			isa = PBXSourcesBuildPhase;
			buildActionMask = 2147483647;
			files = (
				559F510E19C3A223005921EE /* eb_chan.c in Sources */,
				559F511019C3A223005921EE /* eb_time.c in Sources */,
				559F510F19C3A223005921EE /* eb_port.c in Sources */,
				55D2EA4E19CFEFFD0053E832 /* test.c in Sources */,
				559F510D19C3A223005921EE /* eb_assert.c in Sources */,
				55A8CC0919D08ACB005A68EF /* testglue.c in Sources */,
			);
			runOnlyForDeploymentPostprocessing = 0;
		};
/* End PBXSourcesBuildPhase section */

/* Begin XCBuildConfiguration section */
		55501D1519A969750028A9FE /* Debug */ = {
			isa = XCBuildConfiguration;
			buildSettings = {
				ALWAYS_SEARCH_USER_PATHS = NO;
				CLANG_CXX_LANGUAGE_STANDARD = "gnu++0x";
				CLANG_CXX_LIBRARY = "libc++";
				CLANG_ENABLE_MODULES = YES;
				CLANG_ENABLE_OBJC_ARC = YES;
				CLANG_WARN_BOOL_CONVERSION = YES;
				CLANG_WARN_CONSTANT_CONVERSION = YES;
				CLANG_WARN_DIRECT_OBJC_ISA_USAGE = YES_ERROR;
				CLANG_WARN_EMPTY_BODY = YES;
				CLANG_WARN_ENUM_CONVERSION = YES;
				CLANG_WARN_INT_CONVERSION = YES;
				CLANG_WARN_OBJC_ROOT_CLASS = YES_ERROR;
				CLANG_WARN__DUPLICATE_METHOD_MATCH = YES;
				COPY_PHASE_STRIP = NO;
				GCC_C_LANGUAGE_STANDARD = gnu99;
				GCC_DYNAMIC_NO_PIC = NO;
				GCC_ENABLE_OBJC_EXCEPTIONS = YES;
				GCC_OPTIMIZATION_LEVEL = 0;
				GCC_PREPROCESSOR_DEFINITIONS = (
					"DEBUG=1",
					"$(inherited)",
				);
				GCC_SYMBOLS_PRIVATE_EXTERN = NO;
				GCC_WARN_64_TO_32_BIT_CONVERSION = YES;
				GCC_WARN_ABOUT_RETURN_TYPE = YES_ERROR;
				GCC_WARN_UNDECLARED_SELECTOR = YES;
				GCC_WARN_UNINITIALIZED_AUTOS = YES_AGGRESSIVE;
				GCC_WARN_UNUSED_FUNCTION = YES;
				GCC_WARN_UNUSED_VARIABLE = YES;
				MACOSX_DEPLOYMENT_TARGET = 10.8;
				ONLY_ACTIVE_ARCH = YES;
				SDKROOT = macosx;
			};
			name = Debug;
		};
		55501D1619A969750028A9FE /* Release */ = {
			isa = XCBuildConfiguration;
			buildSettings = {
				ALWAYS_SEARCH_USER_PATHS = NO;
				CLANG_CXX_LANGUAGE_STANDARD = "gnu++0x";
				CLANG_CXX_LIBRARY = "libc++";
				CLANG_ENABLE_MODULES = YES;
				CLANG_ENABLE_OBJC_ARC = YES;
				CLANG_WARN_BOOL_CONVERSION = YES;
				CLANG_WARN_CONSTANT_CONVERSION = YES;
				CLANG_WARN_DIRECT_OBJC_ISA_USAGE = YES_ERROR;
				CLANG_WARN_EMPTY_BODY = YES;
				CLANG_WARN_ENUM_CONVERSION = YES;
				CLANG_WARN_INT_CONVERSION = YES;
				CLANG_WARN_OBJC_ROOT_CLASS = YES_ERROR;
				CLANG_WARN__DUPLICATE_METHOD_MATCH = YES;
				COPY_PHASE_STRIP = YES;
				DEBUG_INFORMATION_FORMAT = "dwarf-with-dsym";
				ENABLE_NS_ASSERTIONS = NO;
				GCC_C_LANGUAGE_STANDARD = gnu99;
				GCC_ENABLE_OBJC_EXCEPTIONS = YES;
				GCC_WARN_64_TO_32_BIT_CONVERSION = YES;
				GCC_WARN_ABOUT_RETURN_TYPE = YES_ERROR;
				GCC_WARN_UNDECLARED_SELECTOR = YES;
				GCC_WARN_UNINITIALIZED_AUTOS = YES_AGGRESSIVE;
				GCC_WARN_UNUSED_FUNCTION = YES;
				GCC_WARN_UNUSED_VARIABLE = YES;
				MACOSX_DEPLOYMENT_TARGET = 10.8;
				SDKROOT = macosx;
			};
			name = Release;
		};
		55501D1819A969750028A9FE /* Debug */ = {
			isa = XCBuildConfiguration;
			buildSettings = {
				GCC_PRECOMPILE_PREFIX_HEADER = YES;
				OTHER_CFLAGS = "-fblocks";
				OTHER_LDFLAGS = "-ObjC";
				PRODUCT_NAME = "$(TARGET_NAME)";
			};
			name = Debug;
		};
		55501D1919A969750028A9FE /* Release */ = {
			isa = XCBuildConfiguration;
			buildSettings = {
				GCC_PRECOMPILE_PREFIX_HEADER = YES;
				OTHER_CFLAGS = "-fblocks";
				OTHER_LDFLAGS = "-ObjC";
				PRODUCT_NAME = "$(TARGET_NAME)";
			};
			name = Release;
		};
/* End XCBuildConfiguration section */

/* Begin XCConfigurationList section */
		55501D0419A969750028A9FE /* Build configuration list for PBXProject "chantest" */ = {
			isa = XCConfigurationList;
			buildConfigurations = (
				55501D1519A969750028A9FE /* Debug */,
				55501D1619A969750028A9FE /* Release */,
			);
			defaultConfigurationIsVisible = 0;
			defaultConfigurationName = Release;
		};
		55501D1719A969750028A9FE /* Build configuration list for PBXNativeTarget "chantest" */ = {
			isa = XCConfigurationList;
			buildConfigurations = (
				55501D1819A969750028A9FE /* Debug */,
				55501D1919A969750028A9FE /* Release */,
			);
			defaultConfigurationIsVisible = 0;
			defaultConfigurationName = Release;
		};
/* End XCConfigurationList section */
	};
	rootObject = 55501D0119A969750028A9FE /* Project object */;
}
